Microsoft Visual Studio Solution File, Format Version 11.00
# Visual Studio 2008

Project("{218E09BF-3B85-F3E7-1A48-DCC56C2D31EE}") = "umm", "Assembly-CSharp.csproj", "{880D2201-C339-F243-8B62-62A966DB8B71}"
EndProject
Global
	GlobalSection(SolutionConfigurationPlatforms) = preSolution
		Debug|Any CPU = Debug|Any CPU
		Release|Any CPU = Release|Any CPU
	EndGlobalSection
	GlobalSection(ProjectConfigurationPlatforms) = postSolution
		{880D2201-C339-F243-8B62-62A966DB8B71}.Debug|Any CPU.ActiveCfg = Debug|Any CPU
		{880D2201-C339-F243-8B62-62A966DB8B71}.Debug|Any CPU.Build.0 = Debug|Any CPU
		{880D2201-C339-F243-8B62-62A966DB8B71}.Release|Any CPU.ActiveCfg = Release|Any CPU
		{880D2201-C339-F243-8B62-62A966DB8B71}.Release|Any CPU.Build.0 = Release|Any CPU
	EndGlobalSection
	GlobalSection(SolutionProperties) = preSolution
		HideSolutionNode = FALSE
	EndGlobalSection
	GlobalSection(MonoDevelopProperties) = preSolution
		StartupItem = Assembly-CSharp.csproj
	EndGlobalSection
EndGlobal
